// !$*UTF8*$!
{
	archiveVersion = 1;
	classes = {
	};
	objectVersion = 46;
	objects = {

/* Begin PBXBuildFile section */
		99B58DB71CBE840200E1F35F /* Person.m in Sources */ = {isa = PBXBuildFile; fileRef = 99B58DB61CBE840200E1F35F /* Person.m */; };
		99B6B3AA1CBE253200D79D13 /* main.m in Sources */ = {isa = PBXBuildFile; fileRef = 99B6B3A91CBE253200D79D13 /* main.m */; };
		99B6B3AD1CBE253200D79D13 /* AppDelegate.m in Sources */ = {isa = PBXBuildFile; fileRef = 99B6B3AC1CBE253200D79D13 /* AppDelegate.m */; };
		99B6B3B01CBE253200D79D13 /* ViewController.m in Sources */ = {isa = PBXBuildFile; fileRef = 99B6B3AF1CBE253200D79D13 /* ViewController.m */; };
		99B6B3B31CBE253200D79D13 /* Main.storyboard in Resources */ = {isa = PBXBuildFile; fileRef = 99B6B3B11CBE253200D79D13 /* Main.storyboard */; };
		99B6B3B51CBE253200D79D13 /* Assets.xcassets in Resources */ = {isa = PBXBuildFile; fileRef = 99B6B3B41CBE253200D79D13 /* Assets.xcassets */; };
		99B6B3B81CBE253200D79D13 /* LaunchScreen.storyboard in Resources */ = {isa = PBXBuildFile; fileRef = 99B6B3B61CBE253200D79D13 /* LaunchScreen.storyboard */; };
		99B6B3D21CBE255900D79D13 /* NSObject+XRCategory.m in Sources */ = {isa = PBXBuildFile; fileRef = 99B6B3C11CBE255900D79D13 /* NSObject+XRCategory.m */; };
		99B6B3D31CBE255900D79D13 /* UIButton+XRCategory.m in Sources */ = {isa = PBXBuildFile; fileRef = 99B6B3C31CBE255900D79D13 /* UIButton+XRCategory.m */; };
		99B6B3D41CBE255900D79D13 /* UIControl+XRCategory.m in Sources */ = {isa = PBXBuildFile; fileRef = 99B6B3C51CBE255900D79D13 /* UIControl+XRCategory.m */; };
		99B6B3D51CBE255900D79D13 /* UIImageView+XRCategory.m in Sources */ = {isa = PBXBuildFile; fileRef = 99B6B3C71CBE255900D79D13 /* UIImageView+XRCategory.m */; };
		99B6B3D61CBE255900D79D13 /* UILabel+XRCategory.m in Sources */ = {isa = PBXBuildFile; fileRef = 99B6B3C91CBE255900D79D13 /* UILabel+XRCategory.m */; };
		99B6B3D71CBE255900D79D13 /* UIScrollView+XRCategory.m in Sources */ = {isa = PBXBuildFile; fileRef = 99B6B3CB1CBE255900D79D13 /* UIScrollView+XRCategory.m */; };
		99B6B3D81CBE255900D79D13 /* UITextField+XRCategory.m in Sources */ = {isa = PBXBuildFile; fileRef = 99B6B3CD1CBE255900D79D13 /* UITextField+XRCategory.m */; };
		99B6B3D91CBE255900D79D13 /* UITextView+XRCategory.m in Sources */ = {isa = PBXBuildFile; fileRef = 99B6B3CF1CBE255900D79D13 /* UITextView+XRCategory.m */; };
		99B6B3DA1CBE255900D79D13 /* UIView+XRCategory.m in Sources */ = {isa = PBXBuildFile; fileRef = 99B6B3D11CBE255900D79D13 /* UIView+XRCategory.m */; };
		99B6B3DD1CBE279000D79D13 /* UITableView+XRCategory.m in Sources */ = {isa = PBXBuildFile; fileRef = 99B6B3DC1CBE279000D79D13 /* UITableView+XRCategory.m */; };
		99B6B3E31CBE369500D79D13 /* NSString+XRCategory.m in Sources */ = {isa = PBXBuildFile; fileRef = 99B6B3E21CBE369500D79D13 /* NSString+XRCategory.m */; };
		99B6B3E61CBE3F8A00D79D13 /* NSArray+XRCategory.m in Sources */ = {isa = PBXBuildFile; fileRef = 99B6B3E51CBE3F8A00D79D13 /* NSArray+XRCategory.m */; };
		99B6B3E91CBE49E900D79D13 /* NSDictionary+XRCategory.m in Sources */ = {isa = PBXBuildFile; fileRef = 99B6B3E81CBE49E900D79D13 /* NSDictionary+XRCategory.m */; };
/* End PBXBuildFile section */

/* Begin PBXFileReference section */
		99B58DB51CBE840200E1F35F /* Person.h */ = {isa = PBXFileReference; fileEncoding = 4; lastKnownFileType = sourcecode.c.h; path = Person.h; sourceTree = "<group>"; };
		99B58DB61CBE840200E1F35F /* Person.m */ = {isa = PBXFileReference; fileEncoding = 4; lastKnownFileType = sourcecode.c.objc; path = Person.m; sourceTree = "<group>"; };
		99B6B3A51CBE253200D79D13 /* XRCategoryDemo.app */ = {isa = PBXFileReference; explicitFileType = wrapper.application; includeInIndex = 0; path = XRCategoryDemo.app; sourceTree = BUILT_PRODUCTS_DIR; };
		99B6B3A91CBE253200D79D13 /* main.m */ = {isa = PBXFileReference; lastKnownFileType = sourcecode.c.objc; path = main.m; sourceTree = "<group>"; };
		99B6B3AB1CBE253200D79D13 /* AppDelegate.h */ = {isa = PBXFileReference; lastKnownFileType = sourcecode.c.h; path = AppDelegate.h; sourceTree = "<group>"; };
		99B6B3AC1CBE253200D79D13 /* AppDelegate.m */ = {isa = PBXFileReference; lastKnownFileType = sourcecode.c.objc; path = AppDelegate.m; sourceTree = "<group>"; };
		99B6B3AE1CBE253200D79D13 /* ViewController.h */ = {isa = PBXFileReference; lastKnownFileType = sourcecode.c.h; path = ViewController.h; sourceTree = "<group>"; };
		99B6B3AF1CBE253200D79D13 /* ViewController.m */ = {isa = PBXFileReference; lastKnownFileType = sourcecode.c.objc; path = ViewController.m; sourceTree = "<group>"; };
		99B6B3B21CBE253200D79D13 /* Base */ = {isa = PBXFileReference; lastKnownFileType = file.storyboard; name = Base; path = Base.lproj/Main.storyboard; sourceTree = "<group>"; };
		99B6B3B41CBE253200D79D13 /* Assets.xcassets */ = {isa = PBXFileReference; lastKnownFileType = folder.assetcatalog; path = Assets.xcassets; sourceTree = "<group>"; };
		99B6B3B71CBE253200D79D13 /* Base */ = {isa = PBXFileReference; lastKnownFileType = file.storyboard; name = Base; path = Base.lproj/LaunchScreen.storyboard; sourceTree = "<group>"; };
		99B6B3B91CBE253200D79D13 /* Info.plist */ = {isa = PBXFileReference; lastKnownFileType = text.plist.xml; path = Info.plist; sourceTree = "<group>"; };
		99B6B3C01CBE255900D79D13 /* NSObject+XRCategory.h */ = {isa = PBXFileReference; fileEncoding = 4; lastKnownFileType = sourcecode.c.h; path = "NSObject+XRCategory.h"; sourceTree = "<group>"; };
		99B6B3C11CBE255900D79D13 /* NSObject+XRCategory.m */ = {isa = PBXFileReference; fileEncoding = 4; lastKnownFileType = sourcecode.c.objc; path = "NSObject+XRCategory.m"; sourceTree = "<group>"; };
		99B6B3C21CBE255900D79D13 /* UIButton+XRCategory.h */ = {isa = PBXFileReference; fileEncoding = 4; lastKnownFileType = sourcecode.c.h; path = "UIButton+XRCategory.h"; sourceTree = "<group>"; };
		99B6B3C31CBE255900D79D13 /* UIButton+XRCategory.m */ = {isa = PBXFileReference; fileEncoding = 4; lastKnownFileType = sourcecode.c.objc; path = "UIButton+XRCategory.m"; sourceTree = "<group>"; };
		99B6B3C41CBE255900D79D13 /* UIControl+XRCategory.h */ = {isa = PBXFileReference; fileEncoding = 4; lastKnownFileType = sourcecode.c.h; path = "UIControl+XRCategory.h"; sourceTree = "<group>"; };
		99B6B3C51CBE255900D79D13 /* UIControl+XRCategory.m */ = {isa = PBXFileReference; fileEncoding = 4; lastKnownFileType = sourcecode.c.objc; path = "UIControl+XRCategory.m"; sourceTree = "<group>"; };
		99B6B3C61CBE255900D79D13 /* UIImageView+XRCategory.h */ = {isa = PBXFileReference; fileEncoding = 4; lastKnownFileType = sourcecode.c.h; path = "UIImageView+XRCategory.h"; sourceTree = "<group>"; };
		99B6B3C71CBE255900D79D13 /* UIImageView+XRCategory.m */ = {isa = PBXFileReference; fileEncoding = 4; lastKnownFileType = sourcecode.c.objc; path = "UIImageView+XRCategory.m"; sourceTree = "<group>"; };
		99B6B3C81CBE255900D79D13 /* UILabel+XRCategory.h */ = {isa = PBXFileReference; fileEncoding = 4; lastKnownFileType = sourcecode.c.h; path = "UILabel+XRCategory.h"; sourceTree = "<group>"; };
		99B6B3C91CBE255900D79D13 /* UILabel+XRCategory.m */ = {isa = PBXFileReference; fileEncoding = 4; lastKnownFileType = sourcecode.c.objc; path = "UILabel+XRCategory.m"; sourceTree = "<group>"; };
		99B6B3CA1CBE255900D79D13 /* UIScrollView+XRCategory.h */ = {isa = PBXFileReference; fileEncoding = 4; lastKnownFileType = sourcecode.c.h; path = "UIScrollView+XRCategory.h"; sourceTree = "<group>"; };
		99B6B3CB1CBE255900D79D13 /* UIScrollView+XRCategory.m */ = {isa = PBXFileReference; fileEncoding = 4; lastKnownFileType = sourcecode.c.objc; path = "UIScrollView+XRCategory.m"; sourceTree = "<group>"; };
		99B6B3CC1CBE255900D79D13 /* UITextField+XRCategory.h */ = {isa = PBXFileReference; fileEncoding = 4; lastKnownFileType = sourcecode.c.h; path = "UITextField+XRCategory.h"; sourceTree = "<group>"; };
		99B6B3CD1CBE255900D79D13 /* UITextField+XRCategory.m */ = {isa = PBXFileReference; fileEncoding = 4; lastKnownFileType = sourcecode.c.objc; path = "UITextField+XRCategory.m"; sourceTree = "<group>"; };
		99B6B3CE1CBE255900D79D13 /* UITextView+XRCategory.h */ = {isa = PBXFileReference; fileEncoding = 4; lastKnownFileType = sourcecode.c.h; path = "UITextView+XRCategory.h"; sourceTree = "<group>"; };
		99B6B3CF1CBE255900D79D13 /* UITextView+XRCategory.m */ = {isa = PBXFileReference; fileEncoding = 4; lastKnownFileType = sourcecode.c.objc; path = "UITextView+XRCategory.m"; sourceTree = "<group>"; };
		99B6B3D01CBE255900D79D13 /* UIView+XRCategory.h */ = {isa = PBXFileReference; fileEncoding = 4; lastKnownFileType = sourcecode.c.h; path = "UIView+XRCategory.h"; sourceTree = "<group>"; };
		99B6B3D11CBE255900D79D13 /* UIView+XRCategory.m */ = {isa = PBXFileReference; fileEncoding = 4; lastKnownFileType = sourcecode.c.objc; path = "UIView+XRCategory.m"; sourceTree = "<group>"; };
		99B6B3DB1CBE279000D79D13 /* UITableView+XRCategory.h */ = {isa = PBXFileReference; fileEncoding = 4; lastKnownFileType = sourcecode.c.h; path = "UITableView+XRCategory.h"; sourceTree = "<group>"; };
		99B6B3DC1CBE279000D79D13 /* UITableView+XRCategory.m */ = {isa = PBXFileReference; fileEncoding = 4; lastKnownFileType = sourcecode.c.objc; path = "UITableView+XRCategory.m"; sourceTree = "<group>"; };
		99B6B3E11CBE369500D79D13 /* NSString+XRCategory.h */ = {isa = PBXFileReference; fileEncoding = 4; lastKnownFileType = sourcecode.c.h; path = "NSString+XRCategory.h"; sourceTree = "<group>"; };
		99B6B3E21CBE369500D79D13 /* NSString+XRCategory.m */ = {isa = PBXFileReference; fileEncoding = 4; lastKnownFileType = sourcecode.c.objc; path = "NSString+XRCategory.m"; sourceTree = "<group>"; };
		99B6B3E41CBE3F8A00D79D13 /* NSArray+XRCategory.h */ = {isa = PBXFileReference; fileEncoding = 4; lastKnownFileType = sourcecode.c.h; path = "NSArray+XRCategory.h"; sourceTree = "<group>"; };
		99B6B3E51CBE3F8A00D79D13 /* NSArray+XRCategory.m */ = {isa = PBXFileReference; fileEncoding = 4; lastKnownFileType = sourcecode.c.objc; path = "NSArray+XRCategory.m"; sourceTree = "<group>"; };
		99B6B3E71CBE49E900D79D13 /* NSDictionary+XRCategory.h */ = {isa = PBXFileReference; fileEncoding = 4; lastKnownFileType = sourcecode.c.h; path = "NSDictionary+XRCategory.h"; sourceTree = "<group>"; };
		99B6B3E81CBE49E900D79D13 /* NSDictionary+XRCategory.m */ = {isa = PBXFileReference; fileEncoding = 4; lastKnownFileType = sourcecode.c.objc; path = "NSDictionary+XRCategory.m"; sourceTree = "<group>"; };
		99B6B3EA1CBE505600D79D13 /* XRCategory.h */ = {isa = PBXFileReference; lastKnownFileType = sourcecode.c.h; path = XRCategory.h; sourceTree = "<group>"; };
/* End PBXFileReference section */

/* Begin PBXFrameworksBuildPhase section */
		99B6B3A21CBE253200D79D13 /* Frameworks */ = {
			isa = PBXFrameworksBuildPhase;
			buildActionMask = 2147483647;
			files = (
			);
			runOnlyForDeploymentPostprocessing = 0;
		};
/* End PBXFrameworksBuildPhase section */

/* Begin PBXGroup section */
		99B6B39C1CBE253200D79D13 = {
			isa = PBXGroup;
			children = (
				99B6B3A71CBE253200D79D13 /* XRCategoryDemo */,
				99B6B3A61CBE253200D79D13 /* Products */,
			);
			sourceTree = "<group>";
		};
		99B6B3A61CBE253200D79D13 /* Products */ = {
			isa = PBXGroup;
			children = (
				99B6B3A51CBE253200D79D13 /* XRCategoryDemo.app */,
			);
			name = Products;
			sourceTree = "<group>";
		};
		99B6B3A71CBE253200D79D13 /* XRCategoryDemo */ = {
			isa = PBXGroup;
			children = (
				99B6B3BF1CBE254C00D79D13 /* XRCategory */,
				99B6B3AB1CBE253200D79D13 /* AppDelegate.h */,
				99B6B3AC1CBE253200D79D13 /* AppDelegate.m */,
				99B6B3AE1CBE253200D79D13 /* ViewController.h */,
				99B6B3AF1CBE253200D79D13 /* ViewController.m */,
				99B58DB51CBE840200E1F35F /* Person.h */,
				99B58DB61CBE840200E1F35F /* Person.m */,
				99B6B3B11CBE253200D79D13 /* Main.storyboard */,
				99B6B3B41CBE253200D79D13 /* Assets.xcassets */,
				99B6B3B61CBE253200D79D13 /* LaunchScreen.storyboard */,
				99B6B3B91CBE253200D79D13 /* Info.plist */,
				99B6B3A81CBE253200D79D13 /* Supporting Files */,
			);
			path = XRCategoryDemo;
			sourceTree = "<group>";
		};
		99B6B3A81CBE253200D79D13 /* Supporting Files */ = {
			isa = PBXGroup;
			children = (
				99B6B3A91CBE253200D79D13 /* main.m */,
			);
			name = "Supporting Files";
			sourceTree = "<group>";
		};
		99B6B3BF1CBE254C00D79D13 /* XRCategory */ = {
			isa = PBXGroup;
			children = (
				99B6B3EA1CBE505600D79D13 /* XRCategory.h */,
				99B6B3C01CBE255900D79D13 /* NSObject+XRCategory.h */,
				99B6B3C11CBE255900D79D13 /* NSObject+XRCategory.m */,
				99B6B3D01CBE255900D79D13 /* UIView+XRCategory.h */,
				99B6B3D11CBE255900D79D13 /* UIView+XRCategory.m */,
				99B6B3C41CBE255900D79D13 /* UIControl+XRCategory.h */,
				99B6B3C51CBE255900D79D13 /* UIControl+XRCategory.m */,
				99B6B3C21CBE255900D79D13 /* UIButton+XRCategory.h */,
				99B6B3C31CBE255900D79D13 /* UIButton+XRCategory.m */,
				99B6B3C61CBE255900D79D13 /* UIImageView+XRCategory.h */,
				99B6B3C71CBE255900D79D13 /* UIImageView+XRCategory.m */,
				99B6B3C81CBE255900D79D13 /* UILabel+XRCategory.h */,
				99B6B3C91CBE255900D79D13 /* UILabel+XRCategory.m */,
				99B6B3CA1CBE255900D79D13 /* UIScrollView+XRCategory.h */,
				99B6B3CB1CBE255900D79D13 /* UIScrollView+XRCategory.m */,
				99B6B3CC1CBE255900D79D13 /* UITextField+XRCategory.h */,
				99B6B3CD1CBE255900D79D13 /* UITextField+XRCategory.m */,
				99B6B3CE1CBE255900D79D13 /* UITextView+XRCategory.h */,
				99B6B3CF1CBE255900D79D13 /* UITextView+XRCategory.m */,
				99B6B3DB1CBE279000D79D13 /* UITableView+XRCategory.h */,
				99B6B3DC1CBE279000D79D13 /* UITableView+XRCategory.m */,
				99B6B3E11CBE369500D79D13 /* NSString+XRCategory.h */,
				99B6B3E21CBE369500D79D13 /* NSString+XRCategory.m */,
				99B6B3E41CBE3F8A00D79D13 /* NSArray+XRCategory.h */,
				99B6B3E51CBE3F8A00D79D13 /* NSArray+XRCategory.m */,
				99B6B3E71CBE49E900D79D13 /* NSDictionary+XRCategory.h */,
				99B6B3E81CBE49E900D79D13 /* NSDictionary+XRCategory.m */,
			);
			path = XRCategory;
			sourceTree = "<group>";
		};
/* End PBXGroup section */

/* Begin PBXNativeTarget section */
		99B6B3A41CBE253200D79D13 /* XRCategoryDemo */ = {
			isa = PBXNativeTarget;
			buildConfigurationList = 99B6B3BC1CBE253200D79D13 /* Build configuration list for PBXNativeTarget "XRCategoryDemo" */;
			buildPhases = (
				99B6B3A11CBE253200D79D13 /* Sources */,
				99B6B3A21CBE253200D79D13 /* Frameworks */,
				99B6B3A31CBE253200D79D13 /* Resources */,
			);
			buildRules = (
			);
			dependencies = (
			);
			name = XRCategoryDemo;
			productName = XRCategoryDemo;
			productReference = 99B6B3A51CBE253200D79D13 /* XRCategoryDemo.app */;
			productType = "com.apple.product-type.application";
		};
/* End PBXNativeTarget section */

/* Begin PBXProject section */
		99B6B39D1CBE253200D79D13 /* Project object */ = {
			isa = PBXProject;
			attributes = {
				LastUpgradeCheck = 0720;
				ORGANIZATIONNAME = "肖睿";
				TargetAttributes = {
					99B6B3A41CBE253200D79D13 = {
						CreatedOnToolsVersion = 7.2.1;
						DevelopmentTeam = 5N68TQ399B;
					};
				};
			};
			buildConfigurationList = 99B6B3A01CBE253200D79D13 /* Build configuration list for PBXProject "XRCategoryDemo" */;
			compatibilityVersion = "Xcode 3.2";
			developmentRegion = English;
			hasScannedForEncodings = 0;
			knownRegions = (
				en,
				Base,
			);
			mainGroup = 99B6B39C1CBE253200D79D13;
			productRefGroup = 99B6B3A61CBE253200D79D13 /* Products */;
			projectDirPath = "";
			projectRoot = "";
			targets = (
				99B6B3A41CBE253200D79D13 /* XRCategoryDemo */,
			);
		};
/* End PBXProject section */

/* Begin PBXResourcesBuildPhase section */
		99B6B3A31CBE253200D79D13 /* Resources */ = {
			isa = PBXResourcesBuildPhase;
			buildActionMask = 2147483647;
			files = (
				99B6B3B81CBE253200D79D13 /* LaunchScreen.storyboard in Resources */,
				99B6B3B51CBE253200D79D13 /* Assets.xcassets in Resources */,
				99B6B3B31CBE253200D79D13 /* Main.storyboard in Resources */,
			);
			runOnlyForDeploymentPostprocessing = 0;
		};
/* End PBXResourcesBuildPhase section */

/* Begin PBXSourcesBuildPhase section */
		99B6B3A11CBE253200D79D13 /* Sources */ = {
			isa = PBXSourcesBuildPhase;
			buildActionMask = 2147483647;
			files = (
				99B6B3D61CBE255900D79D13 /* UILabel+XRCategory.m in Sources */,
				99B6B3D51CBE255900D79D13 /* UIImageView+XRCategory.m in Sources */,
				99B6B3DA1CBE255900D79D13 /* UIView+XRCategory.m in Sources */,
				99B6B3B01CBE253200D79D13 /* ViewController.m in Sources */,
				99B58DB71CBE840200E1F35F /* Person.m in Sources */,
				99B6B3E61CBE3F8A00D79D13 /* NSArray+XRCategory.m in Sources */,
				99B6B3AD1CBE253200D79D13 /* AppDelegate.m in Sources */,
				99B6B3AA1CBE253200D79D13 /* main.m in Sources */,
				99B6B3DD1CBE279000D79D13 /* UITableView+XRCategory.m in Sources */,
				99B6B3E31CBE369500D79D13 /* NSString+XRCategory.m in Sources */,
				99B6B3D91CBE255900D79D13 /* UITextView+XRCategory.m in Sources */,
				99B6B3D41CBE255900D79D13 /* UIControl+XRCategory.m in Sources */,
				99B6B3D21CBE255900D79D13 /* NSObject+XRCategory.m in Sources */,
				99B6B3D81CBE255900D79D13 /* UITextField+XRCategory.m in Sources */,
				99B6B3D71CBE255900D79D13 /* UIScrollView+XRCategory.m in Sources */,
				99B6B3E91CBE49E900D79D13 /* NSDictionary+XRCategory.m in Sources */,
				99B6B3D31CBE255900D79D13 /* UIButton+XRCategory.m in Sources */,
			);
			runOnlyForDeploymentPostprocessing = 0;
		};
/* End PBXSourcesBuildPhase section */

/* Begin PBXVariantGroup section */
		99B6B3B11CBE253200D79D13 /* Main.storyboard */ = {
			isa = PBXVariantGroup;
			children = (
				99B6B3B21CBE253200D79D13 /* Base */,
			);
			name = Main.storyboard;
			sourceTree = "<group>";
		};
		99B6B3B61CBE253200D79D13 /* LaunchScreen.storyboard */ = {
			isa = PBXVariantGroup;
			children = (
				99B6B3B71CBE253200D79D13 /* Base */,
			);
			name = LaunchScreen.storyboard;
			sourceTree = "<group>";
		};
/* End PBXVariantGroup section */

/* Begin XCBuildConfiguration section */
		99B6B3BA1CBE253200D79D13 /* Debug */ = {
			isa = XCBuildConfiguration;
			buildSettings = {
				ALWAYS_SEARCH_USER_PATHS = NO;
				CLANG_CXX_LANGUAGE_STANDARD = "gnu++0x";
				CLANG_CXX_LIBRARY = "libc++";
				CLANG_ENABLE_MODULES = YES;
				CLANG_ENABLE_OBJC_ARC = YES;
				CLANG_WARN_BOOL_CONVERSION = YES;
				CLANG_WARN_CONSTANT_CONVERSION = YES;
				CLANG_WARN_DIRECT_OBJC_ISA_USAGE = YES_ERROR;
				CLANG_WARN_EMPTY_BODY = YES;
				CLANG_WARN_ENUM_CONVERSION = YES;
				CLANG_WARN_INT_CONVERSION = YES;
				CLANG_WARN_OBJC_ROOT_CLASS = YES_ERROR;
				CLANG_WARN_UNREACHABLE_CODE = YES;
				CLANG_WARN__DUPLICATE_METHOD_MATCH = YES;
				"CODE_SIGN_IDENTITY[sdk=iphoneos*]" = "iPhone Developer";
				COPY_PHASE_STRIP = NO;
				DEBUG_INFORMATION_FORMAT = dwarf;
				ENABLE_STRICT_OBJC_MSGSEND = YES;
				ENABLE_TESTABILITY = YES;
				GCC_C_LANGUAGE_STANDARD = gnu99;
				GCC_DYNAMIC_NO_PIC = NO;
				GCC_NO_COMMON_BLOCKS = YES;
				GCC_OPTIMIZATION_LEVEL = 0;
				GCC_PREPROCESSOR_DEFINITIONS = (
					"DEBUG=1",
					"$(inherited)",
				);
				GCC_WARN_64_TO_32_BIT_CONVERSION = YES;
				GCC_WARN_ABOUT_RETURN_TYPE = YES_ERROR;
				GCC_WARN_UNDECLARED_SELECTOR = YES;
				GCC_WARN_UNINITIALIZED_AUTOS = YES_AGGRESSIVE;
				GCC_WARN_UNUSED_FUNCTION = YES;
				GCC_WARN_UNUSED_VARIABLE = YES;
				IPHONEOS_DEPLOYMENT_TARGET = 9.2;
				MTL_ENABLE_DEBUG_INFO = YES;
				ONLY_ACTIVE_ARCH = YES;
				SDKROOT = iphoneos;
			};
			name = Debug;
		};
		99B6B3BB1CBE253200D79D13 /* Release */ = {
			isa = XCBuildConfiguration;
			buildSettings = {
				ALWAYS_SEARCH_USER_PATHS = NO;
				CLANG_CXX_LANGUAGE_STANDARD = "gnu++0x";
				CLANG_CXX_LIBRARY = "libc++";
				CLANG_ENABLE_MODULES = YES;
				CLANG_ENABLE_OBJC_ARC = YES;
				CLANG_WARN_BOOL_CONVERSION = YES;
				CLANG_WARN_CONSTANT_CONVERSION = YES;
				CLANG_WARN_DIRECT_OBJC_ISA_USAGE = YES_ERROR;
				CLANG_WARN_EMPTY_BODY = YES;
				CLANG_WARN_ENUM_CONVERSION = YES;
				CLANG_WARN_INT_CONVERSION = YES;
				CLANG_WARN_OBJC_ROOT_CLASS = YES_ERROR;
				CLANG_WARN_UNREACHABLE_CODE = YES;
				CLANG_WARN__DUPLICATE_METHOD_MATCH = YES;
				"CODE_SIGN_IDENTITY[sdk=iphoneos*]" = "iPhone Developer";
				COPY_PHASE_STRIP = NO;
				DEBUG_INFORMATION_FORMAT = "dwarf-with-dsym";
				ENABLE_NS_ASSERTIONS = NO;
				ENABLE_STRICT_OBJC_MSGSEND = YES;
				GCC_C_LANGUAGE_STANDARD = gnu99;
				GCC_NO_COMMON_BLOCKS = YES;
				GCC_WARN_64_TO_32_BIT_CONVERSION = YES;
				GCC_WARN_ABOUT_RETURN_TYPE = YES_ERROR;
				GCC_WARN_UNDECLARED_SELECTOR = YES;
				GCC_WARN_UNINITIALIZED_AUTOS = YES_AGGRESSIVE;
				GCC_WARN_UNUSED_FUNCTION = YES;
				GCC_WARN_UNUSED_VARIABLE = YES;
				IPHONEOS_DEPLOYMENT_TARGET = 9.2;
				MTL_ENABLE_DEBUG_INFO = NO;
				SDKROOT = iphoneos;
				VALIDATE_PRODUCT = YES;
			};
			name = Release;
		};
		99B6B3BD1CBE253200D79D13 /* Debug */ = {
			isa = XCBuildConfiguration;
			buildSettings = {
				ASSETCATALOG_COMPILER_APPICON_NAME = AppIcon;
				INFOPLIST_FILE = XRCategoryDemo/Info.plist;
				LD_RUNPATH_SEARCH_PATHS = "$(inherited) @executable_path/Frameworks";
				PRODUCT_BUNDLE_IDENTIFIER = com.xiaorui.NB.XRCategoryDemo;
				PRODUCT_NAME = "$(TARGET_NAME)";
			};
			name = Debug;
		};
		99B6B3BE1CBE253200D79D13 /* Release */ = {
			isa = XCBuildConfiguration;
			buildSettings = {
				ASSETCATALOG_COMPILER_APPICON_NAME = AppIcon;
				INFOPLIST_FILE = XRCategoryDemo/Info.plist;
				LD_RUNPATH_SEARCH_PATHS = "$(inherited) @executable_path/Frameworks";
				PRODUCT_BUNDLE_IDENTIFIER = com.xiaorui.NB.XRCategoryDemo;
				PRODUCT_NAME = "$(TARGET_NAME)";
			};
			name = Release;
		};
/* End XCBuildConfiguration section */

/* Begin XCConfigurationList section */
		99B6B3A01CBE253200D79D13 /* Build configuration list for PBXProject "XRCategoryDemo" */ = {
			isa = XCConfigurationList;
			buildConfigurations = (
				99B6B3BA1CBE253200D79D13 /* Debug */,
				99B6B3BB1CBE253200D79D13 /* Release */,
			);
			defaultConfigurationIsVisible = 0;
			defaultConfigurationName = Release;
		};
		99B6B3BC1CBE253200D79D13 /* Build configuration list for PBXNativeTarget "XRCategoryDemo" */ = {
			isa = XCConfigurationList;
			buildConfigurations = (
				99B6B3BD1CBE253200D79D13 /* Debug */,
				99B6B3BE1CBE253200D79D13 /* Release */,
			);
			defaultConfigurationIsVisible = 0;
			defaultConfigurationName = Release;
		};
/* End XCConfigurationList section */
	};
	rootObject = 99B6B39D1CBE253200D79D13 /* Project object */;
}
